
Microsoft Visual Studio Solution File, Format Version 12.00
# Visual Studio 15
VisualStudioVersion = 15.0.27703.2035
MinimumVisualStudioVersion = 10.0.40219.1
Project("{FAE04EC0-301F-11D3-BF4B-00C04F79EFBC}") = "MMD Motion Bones Renamer", "MMD Motion Bones Renamer\MMD Motion Bones Renamer.csproj", "{A3BE77E0-35A4-4F6C-A66E-087411391D1D}"
EndProject
Global
	GlobalSection(SolutionConfigurationPlatforms) = preSolution
		Debug|Any CPU = Debug|Any CPU
		Release|Any CPU = Release|Any CPU
	EndGlobalSection
	GlobalSection(ProjectConfigurationPlatforms) = postSolution
		{A3BE77E0-35A4-4F6C-A66E-087411391D1D}.Debug|Any CPU.ActiveCfg = Debug|Any CPU
		{A3BE77E0-35A4-4F6C-A66E-087411391D1D}.Debug|Any CPU.Build.0 = Debug|Any CPU
		{A3BE77E0-35A4-4F6C-A66E-087411391D1D}.Release|Any CPU.ActiveCfg = Release|Any CPU
		{A3BE77E0-35A4-4F6C-A66E-087411391D1D}.Release|Any CPU.Build.0 = Release|Any CPU
	EndGlobalSection
	GlobalSection(SolutionProperties) = preSolution
		HideSolutionNode = FALSE
	EndGlobalSection
	GlobalSection(ExtensibilityGlobals) = postSolution
		SolutionGuid = {8B88306A-7F18-4B60-A89B-8BB4E3A29684}
	EndGlobalSection
EndGlobal
